
Microsoft Visual Studio Solution File, Format Version 12.00
# Visual Studio 2013
VisualStudioVersion = 12.0.31101.0
MinimumVisualStudioVersion = 10.0.40219.1
Project("{FAE04EC0-301F-11D3-BF4B-00C04F79EFBC}") = "ItemsProject", "ItemsProject\ItemsProject.csproj", "{84FDE54B-DCA5-42F3-9098-9A0D9F0E7229}"
EndProject
Global
	GlobalSection(SolutionConfigurationPlatforms) = preSolution
		Debug|Any CPU = Debug|Any CPU
		Release|Any CPU = Release|Any CPU
	EndGlobalSection
	GlobalSection(ProjectConfigurationPlatforms) = postSolution
		{84FDE54B-DCA5-42F3-9098-9A0D9F0E7229}.Debug|Any CPU.ActiveCfg = Debug|Any CPU
		{84FDE54B-DCA5-42F3-9098-9A0D9F0E7229}.Debug|Any CPU.Build.0 = Debug|Any CPU
		{84FDE54B-DCA5-42F3-9098-9A0D9F0E7229}.Release|Any CPU.ActiveCfg = Release|Any CPU
		{84FDE54B-DCA5-42F3-9098-9A0D9F0E7229}.Release|Any CPU.Build.0 = Release|Any CPU
	EndGlobalSection
	GlobalSection(SolutionProperties) = preSolution
		HideSolutionNode = FALSE
	EndGlobalSection
EndGlobal
